{
  "name": "koa-sse",
  "version": "0.1.0",
  "lockfileVersion": 1,
  "requires": true,
  "dependencies": {
    "emitter-component": {
      "version": "1.1.1",
      "resolved": "http://registry.npm.taobao.org/emitter-component/download/emitter-component-1.1.1.tgz",
      "integrity": "sha1-Bl4tvtaVm/RwZ57avq95gdEAOrY="
    },
    "stream": {
      "version": "0.0.2",
      "resolved": "http://registry.npm.taobao.org/stream/download/stream-0.0.2.tgz",
      "integrity": "sha1-f1Nj8Ff2WSxVlfALyAon9c7B8O8=",
      "requires": {
        "emitter-component": "1.1.1"
      }
    }
  }
}
